
Microsoft Visual Studio Solution File, Format Version 12.00
# Visual Studio Version 16
VisualStudioVersion = 16.0.32002.261
MinimumVisualStudioVersion = 10.0.40219.1
Project("{9A19103F-16F7-4668-BE54-9A1E7A4F7556}") = "Nhom2HuynhThiPhuongTram1951052208", "Nhom2HuynhThiPhuongTram1951052208\Nhom2HuynhThiPhuongTram1951052208.csproj", "{0F271AE8-6289-437A-8A78-6C23BE9DD6BE}"
EndProject
Project("{FAE04EC0-301F-11D3-BF4B-00C04F79EFBC}") = "Nhom2HuynhThiPhuongTram1951052208_NETFramework", "Nhom2HuynhThiPhuongTram1951052208_NETFramework\Nhom2HuynhThiPhuongTram1951052208_NETFramework.csproj", "{99AB766B-4B1C-434E-B9DD-B9CED7730E6C}"
EndProject
Global
	GlobalSection(SolutionConfigurationPlatforms) = preSolution
		Debug|Any CPU = Debug|Any CPU
		Release|Any CPU = Release|Any CPU
	EndGlobalSection
	GlobalSection(ProjectConfigurationPlatforms) = postSolution
		{0F271AE8-6289-437A-8A78-6C23BE9DD6BE}.Debug|Any CPU.ActiveCfg = Debug|Any CPU
		{0F271AE8-6289-437A-8A78-6C23BE9DD6BE}.Debug|Any CPU.Build.0 = Debug|Any CPU
		{0F271AE8-6289-437A-8A78-6C23BE9DD6BE}.Release|Any CPU.ActiveCfg = Release|Any CPU
		{0F271AE8-6289-437A-8A78-6C23BE9DD6BE}.Release|Any CPU.Build.0 = Release|Any CPU
		{99AB766B-4B1C-434E-B9DD-B9CED7730E6C}.Debug|Any CPU.ActiveCfg = Debug|Any CPU
		{99AB766B-4B1C-434E-B9DD-B9CED7730E6C}.Debug|Any CPU.Build.0 = Debug|Any CPU
		{99AB766B-4B1C-434E-B9DD-B9CED7730E6C}.Release|Any CPU.ActiveCfg = Release|Any CPU
		{99AB766B-4B1C-434E-B9DD-B9CED7730E6C}.Release|Any CPU.Build.0 = Release|Any CPU
	EndGlobalSection
	GlobalSection(SolutionProperties) = preSolution
		HideSolutionNode = FALSE
	EndGlobalSection
	GlobalSection(ExtensibilityGlobals) = postSolution
		SolutionGuid = {75C08ECE-FF8B-429B-B801-6F3D47FFF394}
	EndGlobalSection
EndGlobal
